
Microsoft Visual Studio Solution File, Format Version 12.00
# Visual Studio Version 16
VisualStudioVersion = 16.0.31129.286
MinimumVisualStudioVersion = 10.0.40219.1
Project("{FAE04EC0-301F-11D3-BF4B-00C04F79EFBC}") = "dotNET_shop", "dotNET_shop.csproj", "{B31FE589-1F6B-4035-A24B-C61D4AA5854E}"
EndProject
Global
	GlobalSection(SolutionConfigurationPlatforms) = preSolution
		Debug|Any CPU = Debug|Any CPU
		Release|Any CPU = Release|Any CPU
	EndGlobalSection
	GlobalSection(ProjectConfigurationPlatforms) = postSolution
		{B31FE589-1F6B-4035-A24B-C61D4AA5854E}.Debug|Any CPU.ActiveCfg = Debug|Any CPU
		{B31FE589-1F6B-4035-A24B-C61D4AA5854E}.Debug|Any CPU.Build.0 = Debug|Any CPU
		{B31FE589-1F6B-4035-A24B-C61D4AA5854E}.Release|Any CPU.ActiveCfg = Release|Any CPU
		{B31FE589-1F6B-4035-A24B-C61D4AA5854E}.Release|Any CPU.Build.0 = Release|Any CPU
	EndGlobalSection
	GlobalSection(SolutionProperties) = preSolution
		HideSolutionNode = FALSE
	EndGlobalSection
	GlobalSection(ExtensibilityGlobals) = postSolution
		SolutionGuid = {DA4AF411-2304-4D3D-90B9-FCE13818E428}
	EndGlobalSection
EndGlobal
